
Microsoft Visual Studio Solution File, Format Version 12.00
# Visual Studio 15
VisualStudioVersion = 15.0.27004.2009
MinimumVisualStudioVersion = 10.0.40219.1
Project("{FAE04EC0-301F-11D3-BF4B-00C04F79EFBC}") = "Timelapse", "Timelapse\Timelapse.csproj", "{530283D3-5F7C-462B-8D75-23A375737237}"
EndProject
Project("{FAE04EC0-301F-11D3-BF4B-00C04F79EFBC}") = "TimelapseCore", "TimelapseCore\TimelapseCore.csproj", "{31F9AAFC-3F9F-4697-804D-DBC31FC0F355}"
EndProject
Project("{FAE04EC0-301F-11D3-BF4B-00C04F79EFBC}") = "TimelapseService", "TimelapseService\TimelapseService.csproj", "{580BBE3F-55DC-4DD1-8E3E-D92BB92B17D0}"
EndProject
Project("{FAE04EC0-301F-11D3-BF4B-00C04F79EFBC}") = "BPUtil", "..\BPUtil\BPUtil\BPUtil.csproj", "{A4981D8D-DEBF-4B34-B9CE-FF25520A02B7}"
EndProject
Project("{8BC9CEB8-8B4A-11D0-8D11-00A0C91BC942}") = "x264net", "..\..\..\Documents\Visual Studio 2015\Projects\x264net\x264net\x264net.vcxproj", "{26AABCC4-4BE8-4777-89ED-C6132383CD03}"
EndProject
Project("{8BC9CEB8-8B4A-11D0-8D11-00A0C91BC942}") = "turbojpegCLI", "..\turbojpegCLI\turbojpegCLI\turbojpegCLI\turbojpegCLI.vcxproj", "{53B9B82C-FA36-4AAA-A20A-4C10EC72DBED}"
EndProject
Global
	GlobalSection(SolutionConfigurationPlatforms) = preSolution
		Debug|x64 = Debug|x64
		Debug|x86 = Debug|x86
		Release|x64 = Release|x64
		Release|x86 = Release|x86
	EndGlobalSection
	GlobalSection(ProjectConfigurationPlatforms) = postSolution
		{530283D3-5F7C-462B-8D75-23A375737237}.Debug|x64.ActiveCfg = Debug|x64
		{530283D3-5F7C-462B-8D75-23A375737237}.Debug|x64.Build.0 = Debug|x64
		{530283D3-5F7C-462B-8D75-23A375737237}.Debug|x86.ActiveCfg = Debug|x86
		{530283D3-5F7C-462B-8D75-23A375737237}.Debug|x86.Build.0 = Debug|x86
		{530283D3-5F7C-462B-8D75-23A375737237}.Release|x64.ActiveCfg = Release|x64
		{530283D3-5F7C-462B-8D75-23A375737237}.Release|x64.Build.0 = Release|x64
		{530283D3-5F7C-462B-8D75-23A375737237}.Release|x86.ActiveCfg = Release|x86
		{530283D3-5F7C-462B-8D75-23A375737237}.Release|x86.Build.0 = Release|x86
		{31F9AAFC-3F9F-4697-804D-DBC31FC0F355}.Debug|x64.ActiveCfg = Debug|Any CPU
		{31F9AAFC-3F9F-4697-804D-DBC31FC0F355}.Debug|x64.Build.0 = Debug|Any CPU
		{31F9AAFC-3F9F-4697-804D-DBC31FC0F355}.Debug|x86.ActiveCfg = Debug|x86
		{31F9AAFC-3F9F-4697-804D-DBC31FC0F355}.Debug|x86.Build.0 = Debug|x86
		{31F9AAFC-3F9F-4697-804D-DBC31FC0F355}.Release|x64.ActiveCfg = Release|Any CPU
		{31F9AAFC-3F9F-4697-804D-DBC31FC0F355}.Release|x64.Build.0 = Release|Any CPU
		{31F9AAFC-3F9F-4697-804D-DBC31FC0F355}.Release|x86.ActiveCfg = Release|x86
		{31F9AAFC-3F9F-4697-804D-DBC31FC0F355}.Release|x86.Build.0 = Release|x86
		{580BBE3F-55DC-4DD1-8E3E-D92BB92B17D0}.Debug|x64.ActiveCfg = Debug|x86
		{580BBE3F-55DC-4DD1-8E3E-D92BB92B17D0}.Debug|x86.ActiveCfg = Debug|x86
		{580BBE3F-55DC-4DD1-8E3E-D92BB92B17D0}.Debug|x86.Build.0 = Debug|x86
		{580BBE3F-55DC-4DD1-8E3E-D92BB92B17D0}.Release|x64.ActiveCfg = Release|x86
		{580BBE3F-55DC-4DD1-8E3E-D92BB92B17D0}.Release|x86.ActiveCfg = Release|x86
		{580BBE3F-55DC-4DD1-8E3E-D92BB92B17D0}.Release|x86.Build.0 = Release|x86
		{A4981D8D-DEBF-4B34-B9CE-FF25520A02B7}.Debug|x64.ActiveCfg = Debug|Any CPU
		{A4981D8D-DEBF-4B34-B9CE-FF25520A02B7}.Debug|x64.Build.0 = Debug|Any CPU
		{A4981D8D-DEBF-4B34-B9CE-FF25520A02B7}.Debug|x86.ActiveCfg = Debug|Any CPU
		{A4981D8D-DEBF-4B34-B9CE-FF25520A02B7}.Debug|x86.Build.0 = Debug|Any CPU
		{A4981D8D-DEBF-4B34-B9CE-FF25520A02B7}.Release|x64.ActiveCfg = Release|Any CPU
		{A4981D8D-DEBF-4B34-B9CE-FF25520A02B7}.Release|x64.Build.0 = Release|Any CPU
		{A4981D8D-DEBF-4B34-B9CE-FF25520A02B7}.Release|x86.ActiveCfg = Release|Any CPU
		{A4981D8D-DEBF-4B34-B9CE-FF25520A02B7}.Release|x86.Build.0 = Release|Any CPU
		{26AABCC4-4BE8-4777-89ED-C6132383CD03}.Debug|x64.ActiveCfg = Debug|x64
		{26AABCC4-4BE8-4777-89ED-C6132383CD03}.Debug|x64.Build.0 = Debug|x64
		{26AABCC4-4BE8-4777-89ED-C6132383CD03}.Debug|x86.ActiveCfg = Debug|Win32
		{26AABCC4-4BE8-4777-89ED-C6132383CD03}.Debug|x86.Build.0 = Debug|Win32
		{26AABCC4-4BE8-4777-89ED-C6132383CD03}.Release|x64.ActiveCfg = Release|x64
		{26AABCC4-4BE8-4777-89ED-C6132383CD03}.Release|x64.Build.0 = Release|x64
		{26AABCC4-4BE8-4777-89ED-C6132383CD03}.Release|x86.ActiveCfg = Release|Win32
		{26AABCC4-4BE8-4777-89ED-C6132383CD03}.Release|x86.Build.0 = Release|Win32
		{53B9B82C-FA36-4AAA-A20A-4C10EC72DBED}.Debug|x64.ActiveCfg = Debug|x64
		{53B9B82C-FA36-4AAA-A20A-4C10EC72DBED}.Debug|x64.Build.0 = Debug|x64
		{53B9B82C-FA36-4AAA-A20A-4C10EC72DBED}.Debug|x86.ActiveCfg = Debug|Win32
		{53B9B82C-FA36-4AAA-A20A-4C10EC72DBED}.Debug|x86.Build.0 = Debug|Win32
		{53B9B82C-FA36-4AAA-A20A-4C10EC72DBED}.Release|x64.ActiveCfg = Release|x64
		{53B9B82C-FA36-4AAA-A20A-4C10EC72DBED}.Release|x64.Build.0 = Release|x64
		{53B9B82C-FA36-4AAA-A20A-4C10EC72DBED}.Release|x86.ActiveCfg = Release|Win32
		{53B9B82C-FA36-4AAA-A20A-4C10EC72DBED}.Release|x86.Build.0 = Release|Win32
	EndGlobalSection
	GlobalSection(SolutionProperties) = preSolution
		HideSolutionNode = FALSE
	EndGlobalSection
	GlobalSection(ExtensibilityGlobals) = postSolution
		SolutionGuid = {50E9983D-D0F7-4FDF-8C08-1504CD41E523}
	EndGlobalSection
EndGlobal
