
Microsoft Visual Studio Solution File, Format Version 12.00
# Visual Studio 2013
VisualStudioVersion = 12.0.31101.0
MinimumVisualStudioVersion = 10.0.40219.1
Project("{FAE04EC0-301F-11D3-BF4B-00C04F79EFBC}") = "Timelapse", "Timelapse\Timelapse.csproj", "{530283D3-5F7C-462B-8D75-23A375737237}"
EndProject
Project("{FAE04EC0-301F-11D3-BF4B-00C04F79EFBC}") = "TimelapseCore", "TimelapseCore\TimelapseCore.csproj", "{31F9AAFC-3F9F-4697-804D-DBC31FC0F355}"
EndProject
Project("{FAE04EC0-301F-11D3-BF4B-00C04F79EFBC}") = "TimelapseService", "TimelapseService\TimelapseService.csproj", "{580BBE3F-55DC-4DD1-8E3E-D92BB92B17D0}"
EndProject
Project("{FAE04EC0-301F-11D3-BF4B-00C04F79EFBC}") = "TimelapseCmd", "TimelapseCmd\TimelapseCmd.csproj", "{31BBB4F0-48C5-4101-B48F-0243E66412E2}"
EndProject
Global
	GlobalSection(TeamFoundationVersionControl) = preSolution
		SccNumberOfProjects = 5
		SccEnterpriseProvider = {4CA58AB2-18FA-4F8D-95D4-32DDF27D184C}
		SccTeamFoundationServer = https://tfs.codeplex.com/tfs/tfs36
		SccLocalPath0 = .
		SccProjectUniqueName1 = Timelapse\\Timelapse.csproj
		SccProjectName1 = Timelapse
		SccLocalPath1 = Timelapse
		SccProjectUniqueName2 = TimelapseCmd\\TimelapseCmd.csproj
		SccProjectName2 = TimelapseCmd
		SccLocalPath2 = TimelapseCmd
		SccProjectUniqueName3 = TimelapseCore\\TimelapseCore.csproj
		SccProjectName3 = TimelapseCore
		SccLocalPath3 = TimelapseCore
		SccProjectUniqueName4 = TimelapseService\\TimelapseService.csproj
		SccProjectName4 = TimelapseService
		SccLocalPath4 = TimelapseService
	EndGlobalSection
	GlobalSection(SolutionConfigurationPlatforms) = preSolution
		Debug|Any CPU = Debug|Any CPU
		Debug|Mixed Platforms = Debug|Mixed Platforms
		Debug|x86 = Debug|x86
		Release|Any CPU = Release|Any CPU
		Release|Mixed Platforms = Release|Mixed Platforms
		Release|x86 = Release|x86
	EndGlobalSection
	GlobalSection(ProjectConfigurationPlatforms) = postSolution
		{530283D3-5F7C-462B-8D75-23A375737237}.Debug|Any CPU.ActiveCfg = Debug|Any CPU
		{530283D3-5F7C-462B-8D75-23A375737237}.Debug|Any CPU.Build.0 = Debug|Any CPU
		{530283D3-5F7C-462B-8D75-23A375737237}.Debug|Mixed Platforms.ActiveCfg = Debug|Any CPU
		{530283D3-5F7C-462B-8D75-23A375737237}.Debug|Mixed Platforms.Build.0 = Debug|Any CPU
		{530283D3-5F7C-462B-8D75-23A375737237}.Debug|x86.ActiveCfg = Debug|Any CPU
		{530283D3-5F7C-462B-8D75-23A375737237}.Release|Any CPU.ActiveCfg = Release|Any CPU
		{530283D3-5F7C-462B-8D75-23A375737237}.Release|Any CPU.Build.0 = Release|Any CPU
		{530283D3-5F7C-462B-8D75-23A375737237}.Release|Mixed Platforms.ActiveCfg = Release|Any CPU
		{530283D3-5F7C-462B-8D75-23A375737237}.Release|Mixed Platforms.Build.0 = Release|Any CPU
		{530283D3-5F7C-462B-8D75-23A375737237}.Release|x86.ActiveCfg = Release|x86
		{530283D3-5F7C-462B-8D75-23A375737237}.Release|x86.Build.0 = Release|x86
		{31F9AAFC-3F9F-4697-804D-DBC31FC0F355}.Debug|Any CPU.ActiveCfg = Debug|Any CPU
		{31F9AAFC-3F9F-4697-804D-DBC31FC0F355}.Debug|Any CPU.Build.0 = Debug|Any CPU
		{31F9AAFC-3F9F-4697-804D-DBC31FC0F355}.Debug|Mixed Platforms.ActiveCfg = Debug|Any CPU
		{31F9AAFC-3F9F-4697-804D-DBC31FC0F355}.Debug|Mixed Platforms.Build.0 = Debug|Any CPU
		{31F9AAFC-3F9F-4697-804D-DBC31FC0F355}.Debug|x86.ActiveCfg = Debug|Any CPU
		{31F9AAFC-3F9F-4697-804D-DBC31FC0F355}.Release|Any CPU.ActiveCfg = Release|Any CPU
		{31F9AAFC-3F9F-4697-804D-DBC31FC0F355}.Release|Any CPU.Build.0 = Release|Any CPU
		{31F9AAFC-3F9F-4697-804D-DBC31FC0F355}.Release|Mixed Platforms.ActiveCfg = Release|Any CPU
		{31F9AAFC-3F9F-4697-804D-DBC31FC0F355}.Release|Mixed Platforms.Build.0 = Release|Any CPU
		{31F9AAFC-3F9F-4697-804D-DBC31FC0F355}.Release|x86.ActiveCfg = Release|x86
		{31F9AAFC-3F9F-4697-804D-DBC31FC0F355}.Release|x86.Build.0 = Release|x86
		{580BBE3F-55DC-4DD1-8E3E-D92BB92B17D0}.Debug|Any CPU.ActiveCfg = Debug|x86
		{580BBE3F-55DC-4DD1-8E3E-D92BB92B17D0}.Debug|Mixed Platforms.ActiveCfg = Debug|x86
		{580BBE3F-55DC-4DD1-8E3E-D92BB92B17D0}.Debug|Mixed Platforms.Build.0 = Debug|x86
		{580BBE3F-55DC-4DD1-8E3E-D92BB92B17D0}.Debug|x86.ActiveCfg = Debug|x86
		{580BBE3F-55DC-4DD1-8E3E-D92BB92B17D0}.Debug|x86.Build.0 = Debug|x86
		{580BBE3F-55DC-4DD1-8E3E-D92BB92B17D0}.Release|Any CPU.ActiveCfg = Release|x86
		{580BBE3F-55DC-4DD1-8E3E-D92BB92B17D0}.Release|Mixed Platforms.ActiveCfg = Release|x86
		{580BBE3F-55DC-4DD1-8E3E-D92BB92B17D0}.Release|Mixed Platforms.Build.0 = Release|x86
		{580BBE3F-55DC-4DD1-8E3E-D92BB92B17D0}.Release|x86.ActiveCfg = Release|x86
		{580BBE3F-55DC-4DD1-8E3E-D92BB92B17D0}.Release|x86.Build.0 = Release|x86
		{31BBB4F0-48C5-4101-B48F-0243E66412E2}.Debug|Any CPU.ActiveCfg = Debug|x86
		{31BBB4F0-48C5-4101-B48F-0243E66412E2}.Debug|Mixed Platforms.ActiveCfg = Debug|x86
		{31BBB4F0-48C5-4101-B48F-0243E66412E2}.Debug|Mixed Platforms.Build.0 = Debug|x86
		{31BBB4F0-48C5-4101-B48F-0243E66412E2}.Debug|x86.ActiveCfg = Debug|x86
		{31BBB4F0-48C5-4101-B48F-0243E66412E2}.Debug|x86.Build.0 = Debug|x86
		{31BBB4F0-48C5-4101-B48F-0243E66412E2}.Release|Any CPU.ActiveCfg = Release|x86
		{31BBB4F0-48C5-4101-B48F-0243E66412E2}.Release|Mixed Platforms.ActiveCfg = Release|x86
		{31BBB4F0-48C5-4101-B48F-0243E66412E2}.Release|Mixed Platforms.Build.0 = Release|x86
		{31BBB4F0-48C5-4101-B48F-0243E66412E2}.Release|x86.ActiveCfg = Release|x86
		{31BBB4F0-48C5-4101-B48F-0243E66412E2}.Release|x86.Build.0 = Release|x86
	EndGlobalSection
	GlobalSection(SolutionProperties) = preSolution
		HideSolutionNode = FALSE
	EndGlobalSection
EndGlobal
